<?xml version="1.0" encoding="utf-8"?>
<Project ToolsVersion="4.0" xmlns="http://schemas.microsoft.com/developer/msbuild/2003">
  <ItemGroup>
    <Filter Include="Source Files">
      <UniqueIdentifier>{4FC737F1-C7A5-4376-A066-2A32D752A2FF}</UniqueIdentifier>
      <Extensions>cpp;c;cc;cxx;def;odl;idl;hpj;bat;asm;asmx</Extensions>
    </Filter>
    <Filter Include="Header Files">
      <UniqueIdentifier>{93995380-89BD-4b04-88EB-625FBE52EBFB}</UniqueIdentifier>
      <Extensions>h;hh;hpp;hxx;hm;inl;inc;ipp;xsd</Extensions>
    </Filter>
    <Filter Include="Resource Files">
      <UniqueIdentifier>{67DA6AB6-F800-4c08-8B7A-83BB121AAD01}</UniqueIdentifier>
      <Extensions>rc;ico;cur;bmp;dlg;rc2;rct;bin;rgs;gif;jpg;jpeg;jpe;resx;tiff;tif;png;wav;mfcribbon-ms</Extensions>
    </Filter>
    <Filter Include="Resource Files\Goal">
      <UniqueIdentifier>{d80b1b51-0382-40d7-8946-7dd7fa057002}</UniqueIdentifier>
    </Filter>
    <Filter Include="Resource Files\Music">
      <UniqueIdentifier>{8ca03c14-d521-4820-a62c-20b8c9271527}</UniqueIdentifier>
    </Filter>
  </ItemGroup>
  <ItemGroup>
    <ClInclude Include="Header Files\Collision.h">
      <Filter>Header Files</Filter>
    </ClInclude>
    <ClInclude Include="Header Files\Define.h">
      <Filter>Header Files</Filter>
    </ClInclude>
    <ClInclude Include="Header Files\MathUtil.h">
      <Filter>Header Files</Filter>
    </ClInclude>
    <ClInclude Include="Header Files\Process_Event.h">
      <Filter>Header Files</Filter>
    </ClInclude>
    <ClInclude Include="Header Files\WindowSDL.h">
      <Filter>Header Files</Filter>
    </ClInclude>
  </ItemGroup>
  <ItemGroup>
    <Image Include="Resource Files\Goal\g0.png">
      <Filter>Resource Files\Goal</Filter>
    </Image>
    <Image Include="Resource Files\Goal\g1.png">
      <Filter>Resource Files\Goal</Filter>
    </Image>
    <Image Include="Resource Files\Goal\g2.png">
      <Filter>Resource Files\Goal</Filter>
    </Image>
    <Image Include="Resource Files\Goal\g3.png">
      <Filter>Resource Files\Goal</Filter>
    </Image>
    <Image Include="Resource Files\Goal\goalCount.png">
      <Filter>Resource Files\Goal</Filter>
    </Image>
    <Image Include="Resource Files\ball.png">
      <Filter>Resource Files</Filter>
    </Image>
    <Image Include="Resource Files\bg.png">
      <Filter>Resource Files</Filter>
    </Image>
    <Image Include="Resource Files\bgOri.png">
      <Filter>Resource Files</Filter>
    </Image>
    <Image Include="Resource Files\car1.png">
      <Filter>Resource Files</Filter>
    </Image>
    <Image Include="Resource Files\car2.png">
      <Filter>Resource Files</Filter>
    </Image>
    <Image Include="Resource Files\goal.png">
      <Filter>Resource Files</Filter>
    </Image>
    <Image Include="Resource Files\goalNet.png">
      <Filter>Resource Files</Filter>
    </Image>
    <Image Include="Ruler.png">
      <Filter>Resource Files</Filter>
    </Image>
    <Image Include="Image.bmp">
      <Filter>Resource Files</Filter>
    </Image>
  </ItemGroup>
  <ItemGroup>
    <ClCompile Include="Source Files\Collision.c">
      <Filter>Source Files</Filter>
    </ClCompile>
    <ClCompile Include="Source Files\main.c">
      <Filter>Source Files</Filter>
    </ClCompile>
    <ClCompile Include="Source Files\MathUtil.c">
      <Filter>Source Files</Filter>
    </ClCompile>
    <ClCompile Include="Source Files\Process_Event.c">
      <Filter>Source Files</Filter>
    </ClCompile>
    <ClCompile Include="Source Files\WindowSDL.c">
      <Filter>Source Files</Filter>
    </ClCompile>
  </ItemGroup>
  <ItemGroup>
    <Media Include="Resource Files\Music\gameBGmusic.mp3">
      <Filter>Resource Files\Music</Filter>
    </Media>
    <Media Include="Resource Files\Music\goal.wav">
      <Filter>Resource Files\Music</Filter>
    </Media>
  </ItemGroup>
</Project>